
Microsoft Visual Studio Solution File, Format Version 12.00
# Visual Studio Version 16
VisualStudioVersion = 16.0.31624.102
MinimumVisualStudioVersion = 10.0.40219.1
Project("{FAE04EC0-301F-11D3-BF4B-00C04F79EFBC}") = "PDB", "PDB.csproj", "{502EBEE7-70AB-44DA-8913-278A76855607}"
EndProject
Global
	GlobalSection(SolutionConfigurationPlatforms) = preSolution
		Debug|Any CPU = Debug|Any CPU
		Release|Any CPU = Release|Any CPU
	EndGlobalSection
	GlobalSection(ProjectConfigurationPlatforms) = postSolution
		{502EBEE7-70AB-44DA-8913-278A76855607}.Debug|Any CPU.ActiveCfg = Debug|Any CPU
		{502EBEE7-70AB-44DA-8913-278A76855607}.Debug|Any CPU.Build.0 = Debug|Any CPU
		{502EBEE7-70AB-44DA-8913-278A76855607}.Release|Any CPU.ActiveCfg = Release|Any CPU
		{502EBEE7-70AB-44DA-8913-278A76855607}.Release|Any CPU.Build.0 = Release|Any CPU
	EndGlobalSection
	GlobalSection(SolutionProperties) = preSolution
		HideSolutionNode = FALSE
	EndGlobalSection
	GlobalSection(ExtensibilityGlobals) = postSolution
		SolutionGuid = {861C7C81-C7B7-4C8E-9CE8-B9B26A138F8E}
	EndGlobalSection
EndGlobal
